
Microsoft Visual Studio Solution File, Format Version 12.00
# Visual Studio Version 17
VisualStudioVersion = 17.4.33213.308
MinimumVisualStudioVersion = 10.0.40219.1
Project("{FAE04EC0-301F-11D3-BF4B-00C04F79EFBC}") = "Task-Management -ystem", "Task-Management -ystem\Task-Management -ystem.csproj", "{06A890D6-3699-4556-B0AB-07F9CB65486F}"
EndProject
Global
	GlobalSection(SolutionConfigurationPlatforms) = preSolution
		Debug|Any CPU = Debug|Any CPU
		Release|Any CPU = Release|Any CPU
	EndGlobalSection
	GlobalSection(ProjectConfigurationPlatforms) = postSolution
		{06A890D6-3699-4556-B0AB-07F9CB65486F}.Debug|Any CPU.ActiveCfg = Debug|Any CPU
		{06A890D6-3699-4556-B0AB-07F9CB65486F}.Debug|Any CPU.Build.0 = Debug|Any CPU
		{06A890D6-3699-4556-B0AB-07F9CB65486F}.Release|Any CPU.ActiveCfg = Release|Any CPU
		{06A890D6-3699-4556-B0AB-07F9CB65486F}.Release|Any CPU.Build.0 = Release|Any CPU
	EndGlobalSection
	GlobalSection(SolutionProperties) = preSolution
		HideSolutionNode = FALSE
	EndGlobalSection
	GlobalSection(ExtensibilityGlobals) = postSolution
		SolutionGuid = {C336E894-B26C-4731-B3B4-C5FB2720917C}
	EndGlobalSection
EndGlobal
